// !$*UTF8*$!
{
	archiveVersion = 1;
	classes = {
	};
	objectVersion = 50;
	objects = {

/* Begin PBXBuildFile section */
		61011CB9212B7C52007BC40B /* AppDelegate.swift in Sources */ = {isa = PBXBuildFile; fileRef = 61011CB8212B7C52007BC40B /* AppDelegate.swift */; };
		61011CBB212B7C52007BC40B /* ViewController.swift in Sources */ = {isa = PBXBuildFile; fileRef = 61011CBA212B7C52007BC40B /* ViewController.swift */; };
		61011CBE212B7C52007BC40B /* Manga_Reader.xcdatamodeld in Sources */ = {isa = PBXBuildFile; fileRef = 61011CBC212B7C52007BC40B /* Manga_Reader.xcdatamodeld */; };
		61011CC0212B7C53007BC40B /* Assets.xcassets in Resources */ = {isa = PBXBuildFile; fileRef = 61011CBF212B7C53007BC40B /* Assets.xcassets */; };
		61011CC3212B7C53007BC40B /* Main.storyboard in Resources */ = {isa = PBXBuildFile; fileRef = 61011CC1212B7C53007BC40B /* Main.storyboard */; };
		9DF8B353E3E453AC9D80F5B8 /* Pods_MangaReader.framework in Frameworks */ = {isa = PBXBuildFile; fileRef = 0D95198F50D189D86CBED55A /* Pods_MangaReader.framework */; };
/* End PBXBuildFile section */

/* Begin PBXFileReference section */
		0D95198F50D189D86CBED55A /* Pods_MangaReader.framework */ = {isa = PBXFileReference; explicitFileType = wrapper.framework; includeInIndex = 0; path = Pods_MangaReader.framework; sourceTree = BUILT_PRODUCTS_DIR; };
		61011CB5212B7C52007BC40B /* MangaReader.app */ = {isa = PBXFileReference; explicitFileType = wrapper.application; includeInIndex = 0; path = MangaReader.app; sourceTree = BUILT_PRODUCTS_DIR; };
		61011CB8212B7C52007BC40B /* AppDelegate.swift */ = {isa = PBXFileReference; lastKnownFileType = sourcecode.swift; path = AppDelegate.swift; sourceTree = "<group>"; };
		61011CBA212B7C52007BC40B /* ViewController.swift */ = {isa = PBXFileReference; lastKnownFileType = sourcecode.swift; path = ViewController.swift; sourceTree = "<group>"; };
		61011CBD212B7C52007BC40B /* Manga_Reader.xcdatamodel */ = {isa = PBXFileReference; lastKnownFileType = wrapper.xcdatamodel; path = Manga_Reader.xcdatamodel; sourceTree = "<group>"; };
		61011CBF212B7C53007BC40B /* Assets.xcassets */ = {isa = PBXFileReference; lastKnownFileType = folder.assetcatalog; path = Assets.xcassets; sourceTree = "<group>"; };
		61011CC2212B7C53007BC40B /* Base */ = {isa = PBXFileReference; lastKnownFileType = file.storyboard; name = Base; path = Base.lproj/Main.storyboard; sourceTree = "<group>"; };
		61011CC4212B7C53007BC40B /* Info.plist */ = {isa = PBXFileReference; lastKnownFileType = text.plist.xml; path = Info.plist; sourceTree = "<group>"; };
		61011CC5212B7C53007BC40B /* Manga_Reader.entitlements */ = {isa = PBXFileReference; lastKnownFileType = text.plist.entitlements; path = Manga_Reader.entitlements; sourceTree = "<group>"; };
		E7F4DB5D7A46F84CDF567E22 /* Pods-MangaReader.debug.xcconfig */ = {isa = PBXFileReference; includeInIndex = 1; lastKnownFileType = text.xcconfig; name = "Pods-MangaReader.debug.xcconfig"; path = "Pods/Target Support Files/Pods-MangaReader/Pods-MangaReader.debug.xcconfig"; sourceTree = "<group>"; };
		E8D49434F67F74A5810B090B /* Pods-MangaReader.release.xcconfig */ = {isa = PBXFileReference; includeInIndex = 1; lastKnownFileType = text.xcconfig; name = "Pods-MangaReader.release.xcconfig"; path = "Pods/Target Support Files/Pods-MangaReader/Pods-MangaReader.release.xcconfig"; sourceTree = "<group>"; };
/* End PBXFileReference section */

/* Begin PBXFrameworksBuildPhase section */
		61011CB2212B7C52007BC40B /* Frameworks */ = {
			isa = PBXFrameworksBuildPhase;
			buildActionMask = 2147483647;
			files = (
				9DF8B353E3E453AC9D80F5B8 /* Pods_MangaReader.framework in Frameworks */,
			);
			runOnlyForDeploymentPostprocessing = 0;
		};
/* End PBXFrameworksBuildPhase section */

/* Begin PBXGroup section */
		09D3BD372F675FDC3B6FC217 /* Pods */ = {
			isa = PBXGroup;
			children = (
				E7F4DB5D7A46F84CDF567E22 /* Pods-MangaReader.debug.xcconfig */,
				E8D49434F67F74A5810B090B /* Pods-MangaReader.release.xcconfig */,
			);
			name = Pods;
			sourceTree = "<group>";
		};
		61011CAC212B7C52007BC40B = {
			isa = PBXGroup;
			children = (
				61011CB7212B7C52007BC40B /* MangaReader */,
				61011CB6212B7C52007BC40B /* Products */,
				09D3BD372F675FDC3B6FC217 /* Pods */,
				C8CC2EE5C4F20D4256161372 /* Frameworks */,
			);
			sourceTree = "<group>";
		};
		61011CB6212B7C52007BC40B /* Products */ = {
			isa = PBXGroup;
			children = (
				61011CB5212B7C52007BC40B /* MangaReader.app */,
			);
			name = Products;
			sourceTree = "<group>";
		};
		61011CB7212B7C52007BC40B /* MangaReader */ = {
			isa = PBXGroup;
			children = (
				61011CB8212B7C52007BC40B /* AppDelegate.swift */,
				61011CBA212B7C52007BC40B /* ViewController.swift */,
				61011CBF212B7C53007BC40B /* Assets.xcassets */,
				61011CC1212B7C53007BC40B /* Main.storyboard */,
				61011CC4212B7C53007BC40B /* Info.plist */,
				61011CC5212B7C53007BC40B /* Manga_Reader.entitlements */,
				61011CBC212B7C52007BC40B /* Manga_Reader.xcdatamodeld */,
			);
			path = MangaReader;
			sourceTree = "<group>";
		};
		C8CC2EE5C4F20D4256161372 /* Frameworks */ = {
			isa = PBXGroup;
			children = (
				0D95198F50D189D86CBED55A /* Pods_MangaReader.framework */,
			);
			name = Frameworks;
			sourceTree = "<group>";
		};
/* End PBXGroup section */

/* Begin PBXNativeTarget section */
		61011CB4212B7C52007BC40B /* MangaReader */ = {
			isa = PBXNativeTarget;
			buildConfigurationList = 61011CC8212B7C53007BC40B /* Build configuration list for PBXNativeTarget "MangaReader" */;
			buildPhases = (
				9E729B69FF445C9CFF52152A /* [CP] Check Pods Manifest.lock */,
				61011CB1212B7C52007BC40B /* Sources */,
				61011CB2212B7C52007BC40B /* Frameworks */,
				61011CB3212B7C52007BC40B /* Resources */,
				D5F0ED3BCDD0EAE04DAF87D0 /* [CP] Embed Pods Frameworks */,
				24AC48E280E98545762BAFE9 /* [CP] Copy Pods Resources */,
			);
			buildRules = (
			);
			dependencies = (
			);
			name = MangaReader;
			productName = "Manga Reader";
			productReference = 61011CB5212B7C52007BC40B /* MangaReader.app */;
			productType = "com.apple.product-type.application";
		};
/* End PBXNativeTarget section */

/* Begin PBXProject section */
		61011CAD212B7C52007BC40B /* Project object */ = {
			isa = PBXProject;
			attributes = {
				LastSwiftUpdateCheck = 0940;
				LastUpgradeCheck = 0940;
				ORGANIZATIONNAME = "Devin Fan";
				TargetAttributes = {
					61011CB4212B7C52007BC40B = {
						CreatedOnToolsVersion = 9.4.1;
					};
				};
			};
			buildConfigurationList = 61011CB0212B7C52007BC40B /* Build configuration list for PBXProject "MangaReader" */;
			compatibilityVersion = "Xcode 9.3";
			developmentRegion = en;
			hasScannedForEncodings = 0;
			knownRegions = (
				en,
				Base,
			);
			mainGroup = 61011CAC212B7C52007BC40B;
			productRefGroup = 61011CB6212B7C52007BC40B /* Products */;
			projectDirPath = "";
			projectRoot = "";
			targets = (
				61011CB4212B7C52007BC40B /* MangaReader */,
			);
		};
/* End PBXProject section */

/* Begin PBXResourcesBuildPhase section */
		61011CB3212B7C52007BC40B /* Resources */ = {
			isa = PBXResourcesBuildPhase;
			buildActionMask = 2147483647;
			files = (
				61011CC0212B7C53007BC40B /* Assets.xcassets in Resources */,
				61011CC3212B7C53007BC40B /* Main.storyboard in Resources */,
			);
			runOnlyForDeploymentPostprocessing = 0;
		};
/* End PBXResourcesBuildPhase section */

/* Begin PBXShellScriptBuildPhase section */
		24AC48E280E98545762BAFE9 /* [CP] Copy Pods Resources */ = {
			isa = PBXShellScriptBuildPhase;
			buildActionMask = 2147483647;
			files = (
			);
			inputPaths = (
			);
			name = "[CP] Copy Pods Resources";
			outputPaths = (
			);
			runOnlyForDeploymentPostprocessing = 0;
			shellPath = /bin/sh;
			shellScript = "\"${SRCROOT}/Pods/Target Support Files/Pods-MangaReader/Pods-MangaReader-resources.sh\"\n";
			showEnvVarsInLog = 0;
		};
		9E729B69FF445C9CFF52152A /* [CP] Check Pods Manifest.lock */ = {
			isa = PBXShellScriptBuildPhase;
			buildActionMask = 2147483647;
			files = (
			);
			inputPaths = (
				"${PODS_PODFILE_DIR_PATH}/Podfile.lock",
				"${PODS_ROOT}/Manifest.lock",
			);
			name = "[CP] Check Pods Manifest.lock";
			outputPaths = (
				"$(DERIVED_FILE_DIR)/Pods-MangaReader-checkManifestLockResult.txt",
			);
			runOnlyForDeploymentPostprocessing = 0;
			shellPath = /bin/sh;
			shellScript = "diff \"${PODS_PODFILE_DIR_PATH}/Podfile.lock\" \"${PODS_ROOT}/Manifest.lock\" > /dev/null\nif [ $? != 0 ] ; then\n    # print error to STDERR\n    echo \"error: The sandbox is not in sync with the Podfile.lock. Run 'pod install' or update your CocoaPods installation.\" >&2\n    exit 1\nfi\n# This output is used by Xcode 'outputs' to avoid re-running this script phase.\necho \"SUCCESS\" > \"${SCRIPT_OUTPUT_FILE_0}\"\n";
			showEnvVarsInLog = 0;
		};
		D5F0ED3BCDD0EAE04DAF87D0 /* [CP] Embed Pods Frameworks */ = {
			isa = PBXShellScriptBuildPhase;
			buildActionMask = 2147483647;
			files = (
			);
			inputPaths = (
				"${SRCROOT}/Pods/Target Support Files/Pods-MangaReader/Pods-MangaReader-frameworks.sh",
				"${BUILT_PRODUCTS_DIR}/Alamofire/Alamofire.framework",
			);
			name = "[CP] Embed Pods Frameworks";
			outputPaths = (
				"${TARGET_BUILD_DIR}/${FRAMEWORKS_FOLDER_PATH}/Alamofire.framework",
			);
			runOnlyForDeploymentPostprocessing = 0;
			shellPath = /bin/sh;
			shellScript = "\"${SRCROOT}/Pods/Target Support Files/Pods-MangaReader/Pods-MangaReader-frameworks.sh\"\n";
			showEnvVarsInLog = 0;
		};
/* End PBXShellScriptBuildPhase section */

/* Begin PBXSourcesBuildPhase section */
		61011CB1212B7C52007BC40B /* Sources */ = {
			isa = PBXSourcesBuildPhase;
			buildActionMask = 2147483647;
			files = (
				61011CBB212B7C52007BC40B /* ViewController.swift in Sources */,
				61011CB9212B7C52007BC40B /* AppDelegate.swift in Sources */,
				61011CBE212B7C52007BC40B /* Manga_Reader.xcdatamodeld in Sources */,
			);
			runOnlyForDeploymentPostprocessing = 0;
		};
/* End PBXSourcesBuildPhase section */

/* Begin PBXVariantGroup section */
		61011CC1212B7C53007BC40B /* Main.storyboard */ = {
			isa = PBXVariantGroup;
			children = (
				61011CC2212B7C53007BC40B /* Base */,
			);
			name = Main.storyboard;
			sourceTree = "<group>";
		};
/* End PBXVariantGroup section */

/* Begin XCBuildConfiguration section */
		61011CC6212B7C53007BC40B /* Debug */ = {
			isa = XCBuildConfiguration;
			buildSettings = {
				ALWAYS_SEARCH_USER_PATHS = NO;
				CLANG_ANALYZER_NONNULL = YES;
				CLANG_ANALYZER_NUMBER_OBJECT_CONVERSION = YES_AGGRESSIVE;
				CLANG_CXX_LANGUAGE_STANDARD = "gnu++14";
				CLANG_CXX_LIBRARY = "libc++";
				CLANG_ENABLE_MODULES = YES;
				CLANG_ENABLE_OBJC_ARC = YES;
				CLANG_ENABLE_OBJC_WEAK = YES;
				CLANG_WARN_BLOCK_CAPTURE_AUTORELEASING = YES;
				CLANG_WARN_BOOL_CONVERSION = YES;
				CLANG_WARN_COMMA = YES;
				CLANG_WARN_CONSTANT_CONVERSION = YES;
				CLANG_WARN_DEPRECATED_OBJC_IMPLEMENTATIONS = YES;
				CLANG_WARN_DIRECT_OBJC_ISA_USAGE = YES_ERROR;
				CLANG_WARN_DOCUMENTATION_COMMENTS = YES;
				CLANG_WARN_EMPTY_BODY = YES;
				CLANG_WARN_ENUM_CONVERSION = YES;
				CLANG_WARN_INFINITE_RECURSION = YES;
				CLANG_WARN_INT_CONVERSION = YES;
				CLANG_WARN_NON_LITERAL_NULL_CONVERSION = YES;
				CLANG_WARN_OBJC_IMPLICIT_RETAIN_SELF = YES;
				CLANG_WARN_OBJC_LITERAL_CONVERSION = YES;
				CLANG_WARN_OBJC_ROOT_CLASS = YES_ERROR;
				CLANG_WARN_RANGE_LOOP_ANALYSIS = YES;
				CLANG_WARN_STRICT_PROTOTYPES = YES;
				CLANG_WARN_SUSPICIOUS_MOVE = YES;
				CLANG_WARN_UNGUARDED_AVAILABILITY = YES_AGGRESSIVE;
				CLANG_WARN_UNREACHABLE_CODE = YES;
				CLANG_WARN__DUPLICATE_METHOD_MATCH = YES;
				CODE_SIGN_IDENTITY = "Mac Developer";
				COPY_PHASE_STRIP = NO;
				DEBUG_INFORMATION_FORMAT = dwarf;
				ENABLE_STRICT_OBJC_MSGSEND = YES;
				ENABLE_TESTABILITY = YES;
				GCC_C_LANGUAGE_STANDARD = gnu11;
				GCC_DYNAMIC_NO_PIC = NO;
				GCC_NO_COMMON_BLOCKS = YES;
				GCC_OPTIMIZATION_LEVEL = 0;
				GCC_PREPROCESSOR_DEFINITIONS = (
					"DEBUG=1",
					"$(inherited)",
				);
				GCC_WARN_64_TO_32_BIT_CONVERSION = YES;
				GCC_WARN_ABOUT_RETURN_TYPE = YES_ERROR;
				GCC_WARN_UNDECLARED_SELECTOR = YES;
				GCC_WARN_UNINITIALIZED_AUTOS = YES_AGGRESSIVE;
				GCC_WARN_UNUSED_FUNCTION = YES;
				GCC_WARN_UNUSED_VARIABLE = YES;
				MACOSX_DEPLOYMENT_TARGET = 10.13;
				MTL_ENABLE_DEBUG_INFO = YES;
				ONLY_ACTIVE_ARCH = YES;
				SDKROOT = macosx;
				SWIFT_ACTIVE_COMPILATION_CONDITIONS = DEBUG;
				SWIFT_OPTIMIZATION_LEVEL = "-Onone";
			};
			name = Debug;
		};
		61011CC7212B7C53007BC40B /* Release */ = {
			isa = XCBuildConfiguration;
			buildSettings = {
				ALWAYS_SEARCH_USER_PATHS = NO;
				CLANG_ANALYZER_NONNULL = YES;
				CLANG_ANALYZER_NUMBER_OBJECT_CONVERSION = YES_AGGRESSIVE;
				CLANG_CXX_LANGUAGE_STANDARD = "gnu++14";
				CLANG_CXX_LIBRARY = "libc++";
				CLANG_ENABLE_MODULES = YES;
				CLANG_ENABLE_OBJC_ARC = YES;
				CLANG_ENABLE_OBJC_WEAK = YES;
				CLANG_WARN_BLOCK_CAPTURE_AUTORELEASING = YES;
				CLANG_WARN_BOOL_CONVERSION = YES;
				CLANG_WARN_COMMA = YES;
				CLANG_WARN_CONSTANT_CONVERSION = YES;
				CLANG_WARN_DEPRECATED_OBJC_IMPLEMENTATIONS = YES;
				CLANG_WARN_DIRECT_OBJC_ISA_USAGE = YES_ERROR;
				CLANG_WARN_DOCUMENTATION_COMMENTS = YES;
				CLANG_WARN_EMPTY_BODY = YES;
				CLANG_WARN_ENUM_CONVERSION = YES;
				CLANG_WARN_INFINITE_RECURSION = YES;
				CLANG_WARN_INT_CONVERSION = YES;
				CLANG_WARN_NON_LITERAL_NULL_CONVERSION = YES;
				CLANG_WARN_OBJC_IMPLICIT_RETAIN_SELF = YES;
				CLANG_WARN_OBJC_LITERAL_CONVERSION = YES;
				CLANG_WARN_OBJC_ROOT_CLASS = YES_ERROR;
				CLANG_WARN_RANGE_LOOP_ANALYSIS = YES;
				CLANG_WARN_STRICT_PROTOTYPES = YES;
				CLANG_WARN_SUSPICIOUS_MOVE = YES;
				CLANG_WARN_UNGUARDED_AVAILABILITY = YES_AGGRESSIVE;
				CLANG_WARN_UNREACHABLE_CODE = YES;
				CLANG_WARN__DUPLICATE_METHOD_MATCH = YES;
				CODE_SIGN_IDENTITY = "Mac Developer";
				COPY_PHASE_STRIP = NO;
				DEBUG_INFORMATION_FORMAT = "dwarf-with-dsym";
				ENABLE_NS_ASSERTIONS = NO;
				ENABLE_STRICT_OBJC_MSGSEND = YES;
				GCC_C_LANGUAGE_STANDARD = gnu11;
				GCC_NO_COMMON_BLOCKS = YES;
				GCC_WARN_64_TO_32_BIT_CONVERSION = YES;
				GCC_WARN_ABOUT_RETURN_TYPE = YES_ERROR;
				GCC_WARN_UNDECLARED_SELECTOR = YES;
				GCC_WARN_UNINITIALIZED_AUTOS = YES_AGGRESSIVE;
				GCC_WARN_UNUSED_FUNCTION = YES;
				GCC_WARN_UNUSED_VARIABLE = YES;
				MACOSX_DEPLOYMENT_TARGET = 10.13;
				MTL_ENABLE_DEBUG_INFO = NO;
				SDKROOT = macosx;
				SWIFT_COMPILATION_MODE = wholemodule;
				SWIFT_OPTIMIZATION_LEVEL = "-O";
			};
			name = Release;
		};
		61011CC9212B7C53007BC40B /* Debug */ = {
			isa = XCBuildConfiguration;
			baseConfigurationReference = E7F4DB5D7A46F84CDF567E22 /* Pods-MangaReader.debug.xcconfig */;
			buildSettings = {
				ASSETCATALOG_COMPILER_APPICON_NAME = AppIcon;
				CODE_SIGN_ENTITLEMENTS = MangaReader/Manga_Reader.entitlements;
				CODE_SIGN_STYLE = Automatic;
				COMBINE_HIDPI_IMAGES = YES;
				DEVELOPMENT_TEAM = "";
				INFOPLIST_FILE = "$(SRCROOT)/MangaReader/Info.plist";
				LD_RUNPATH_SEARCH_PATHS = (
					"$(inherited)",
					"@executable_path/../Frameworks",
				);
				MACOSX_DEPLOYMENT_TARGET = 10.13;
				PRODUCT_BUNDLE_IDENTIFIER = "com.devin.fan.Manga-Reader";
				PRODUCT_NAME = "$(TARGET_NAME)";
				SWIFT_VERSION = 4.0;
			};
			name = Debug;
		};
		61011CCA212B7C53007BC40B /* Release */ = {
			isa = XCBuildConfiguration;
			baseConfigurationReference = E8D49434F67F74A5810B090B /* Pods-MangaReader.release.xcconfig */;
			buildSettings = {
				ASSETCATALOG_COMPILER_APPICON_NAME = AppIcon;
				CODE_SIGN_ENTITLEMENTS = MangaReader/Manga_Reader.entitlements;
				CODE_SIGN_STYLE = Automatic;
				COMBINE_HIDPI_IMAGES = YES;
				DEVELOPMENT_TEAM = "";
				INFOPLIST_FILE = "$(SRCROOT)/MangaReader/Info.plist";
				LD_RUNPATH_SEARCH_PATHS = (
					"$(inherited)",
					"@executable_path/../Frameworks",
				);
				MACOSX_DEPLOYMENT_TARGET = 10.13;
				PRODUCT_BUNDLE_IDENTIFIER = "com.devin.fan.Manga-Reader";
				PRODUCT_NAME = "$(TARGET_NAME)";
				SWIFT_VERSION = 4.0;
			};
			name = Release;
		};
/* End XCBuildConfiguration section */

/* Begin XCConfigurationList section */
		61011CB0212B7C52007BC40B /* Build configuration list for PBXProject "MangaReader" */ = {
			isa = XCConfigurationList;
			buildConfigurations = (
				61011CC6212B7C53007BC40B /* Debug */,
				61011CC7212B7C53007BC40B /* Release */,
			);
			defaultConfigurationIsVisible = 0;
			defaultConfigurationName = Release;
		};
		61011CC8212B7C53007BC40B /* Build configuration list for PBXNativeTarget "MangaReader" */ = {
			isa = XCConfigurationList;
			buildConfigurations = (
				61011CC9212B7C53007BC40B /* Debug */,
				61011CCA212B7C53007BC40B /* Release */,
			);
			defaultConfigurationIsVisible = 0;
			defaultConfigurationName = Release;
		};
/* End XCConfigurationList section */

/* Begin XCVersionGroup section */
		61011CBC212B7C52007BC40B /* Manga_Reader.xcdatamodeld */ = {
			isa = XCVersionGroup;
			children = (
				61011CBD212B7C52007BC40B /* Manga_Reader.xcdatamodel */,
			);
			currentVersion = 61011CBD212B7C52007BC40B /* Manga_Reader.xcdatamodel */;
			path = Manga_Reader.xcdatamodeld;
			sourceTree = "<group>";
			versionGroupType = wrapper.xcdatamodel;
		};
/* End XCVersionGroup section */
	};
	rootObject = 61011CAD212B7C52007BC40B /* Project object */;
}
